
Microsoft Visual Studio Solution File, Format Version 12.00
# Visual Studio Version 17
VisualStudioVersion = 17.10.35013.160
MinimumVisualStudioVersion = 10.0.40219.1
Project("{9A19103F-16F7-4668-BE54-9A1E7A4F7556}") = "TinkaAPI", "TinkaAPI\TinkaAPI.csproj", "{C71F07A1-2CBF-40AC-91A3-D007375DAB39}"
EndProject
Project("{9A19103F-16F7-4668-BE54-9A1E7A4F7556}") = "TinkaApiTests", "TinkaApiTests\TinkaApiTests.csproj", "{47966CA4-05A9-41C9-BF31-F2FC9BE12D71}"
EndProject
Project("{9A19103F-16F7-4668-BE54-9A1E7A4F7556}") = "TinkaBlazorApp", "TinkaBlazorApp\TinkaBlazorApp.csproj", "{7019235E-5B75-49DE-9517-42D75DFF2F94}"
EndProject
Global
	GlobalSection(SolutionConfigurationPlatforms) = preSolution
		Debug|Any CPU = Debug|Any CPU
		Release|Any CPU = Release|Any CPU
	EndGlobalSection
	GlobalSection(ProjectConfigurationPlatforms) = postSolution
		{C71F07A1-2CBF-40AC-91A3-D007375DAB39}.Debug|Any CPU.ActiveCfg = Debug|Any CPU
		{C71F07A1-2CBF-40AC-91A3-D007375DAB39}.Debug|Any CPU.Build.0 = Debug|Any CPU
		{C71F07A1-2CBF-40AC-91A3-D007375DAB39}.Release|Any CPU.ActiveCfg = Release|Any CPU
		{C71F07A1-2CBF-40AC-91A3-D007375DAB39}.Release|Any CPU.Build.0 = Release|Any CPU
		{47966CA4-05A9-41C9-BF31-F2FC9BE12D71}.Debug|Any CPU.ActiveCfg = Debug|Any CPU
		{47966CA4-05A9-41C9-BF31-F2FC9BE12D71}.Debug|Any CPU.Build.0 = Debug|Any CPU
		{47966CA4-05A9-41C9-BF31-F2FC9BE12D71}.Release|Any CPU.ActiveCfg = Release|Any CPU
		{47966CA4-05A9-41C9-BF31-F2FC9BE12D71}.Release|Any CPU.Build.0 = Release|Any CPU
		{7019235E-5B75-49DE-9517-42D75DFF2F94}.Debug|Any CPU.ActiveCfg = Debug|Any CPU
		{7019235E-5B75-49DE-9517-42D75DFF2F94}.Debug|Any CPU.Build.0 = Debug|Any CPU
		{7019235E-5B75-49DE-9517-42D75DFF2F94}.Release|Any CPU.ActiveCfg = Release|Any CPU
		{7019235E-5B75-49DE-9517-42D75DFF2F94}.Release|Any CPU.Build.0 = Release|Any CPU
	EndGlobalSection
	GlobalSection(SolutionProperties) = preSolution
		HideSolutionNode = FALSE
	EndGlobalSection
	GlobalSection(ExtensibilityGlobals) = postSolution
		SolutionGuid = {3C8D852D-FC07-4D92-8438-710C2CAA31D5}
	EndGlobalSection
EndGlobal
